// !$*UTF8*$!
{
	archiveVersion = 1;
	classes = {
	};
	objectVersion = 44;
	objects = {

/* Begin PBXFileReference section */
		0A8B997E0B8F55D6003CD01B /* bin */ = {isa = PBXFileReference; lastKnownFileType = folder; path = bin; sourceTree = "<group>"; };
		0A8B99810B8F55E2003CD01B /* lib */ = {isa = PBXFileReference; lastKnownFileType = folder; path = lib; sourceTree = "<group>"; };
		0A8B99880B8F55EC003CD01B /* resources */ = {isa = PBXFileReference; lastKnownFileType = folder; path = resources; sourceTree = "<group>"; };
		0A8B99B20B8F56A4003CD01B /* build.xml */ = {isa = PBXFileReference; fileEncoding = 30; lastKnownFileType = text.xml; path = build.xml; sourceTree = "<group>"; };
		0A8B99E90B8F5855003CD01B /* jars */ = {isa = PBXFileReference; lastKnownFileType = folder; path = jars; sourceTree = "<group>"; };
		0A8B99EC0B8F585C003CD01B /* dist */ = {isa = PBXFileReference; lastKnownFileType = folder; path = dist; sourceTree = "<group>"; };
		8218AC5C0D01306200540727 /* ActionLayerAdd.java */ = {isa = PBXFileReference; fileEncoding = 4; lastKnownFileType = sourcecode.java; path = ActionLayerAdd.java; sourceTree = "<group>"; };
		8251873D0D3806BF002E58B8 /* CartogramLayer.java */ = {isa = PBXFileReference; fileEncoding = 4; lastKnownFileType = sourcecode.java; path = CartogramLayer.java; sourceTree = "<group>"; };
		825187400D380E3E002E58B8 /* CartogramFeature.java */ = {isa = PBXFileReference; fileEncoding = 4; lastKnownFileType = sourcecode.java; path = CartogramFeature.java; sourceTree = "<group>"; };
		825E69300EB8983000DBD1F3 /* CartogramNewman.java */ = {isa = PBXFileReference; fileEncoding = 4; lastKnownFileType = sourcecode.java; path = CartogramNewman.java; sourceTree = "<group>"; };
		825E69310EB89F0300DBD1F3 /* Size.java */ = {isa = PBXFileReference; fileEncoding = 4; lastKnownFileType = sourcecode.java; path = Size.java; sourceTree = "<group>"; };
		8263F6260D396E5F006D6361 /* Geometry.java */ = {isa = PBXFileReference; fileEncoding = 4; lastKnownFileType = sourcecode.java; path = Geometry.java; sourceTree = "<group>"; };
		8278FF320D47D13A00346255 /* ActionLayerRemove.java */ = {isa = PBXFileReference; fileEncoding = 4; lastKnownFileType = sourcecode.java; path = ActionLayerRemove.java; sourceTree = "<group>"; };
		828151830D240B6800141B9B /* CartogramGrid.java */ = {isa = PBXFileReference; fileEncoding = 4; lastKnownFileType = sourcecode.java; path = CartogramGrid.java; sourceTree = "<group>"; };
		828B49F60CFECADC00E2B19D /* IOManager.java */ = {isa = PBXFileReference; fileEncoding = 4; lastKnownFileType = sourcecode.java; path = IOManager.java; sourceTree = "<group>"; };
		82B9820E0DBA7B8400835292 /* ActionShowHelp.java */ = {isa = PBXFileReference; fileEncoding = 4; lastKnownFileType = sourcecode.java; path = ActionShowHelp.java; sourceTree = "<group>"; };
		82C1A95F0D014484000B2C3E /* CartogramWizard.java */ = {isa = PBXFileReference; fileEncoding = 4; lastKnownFileType = sourcecode.java; path = CartogramWizard.java; sourceTree = "<group>"; };
		82CFB3FB0DC86EB3006D3885 /* SizeErrorLegend.java */ = {isa = PBXFileReference; fileEncoding = 4; lastKnownFileType = sourcecode.java; path = SizeErrorLegend.java; sourceTree = "<group>"; };
		82FDF5F70DAD22D3004377CD /* SizeErrorStyle.java */ = {isa = PBXFileReference; fileEncoding = 4; lastKnownFileType = sourcecode.java; path = SizeErrorStyle.java; sourceTree = "<group>"; };
		E73DE29B0CFC308700E8DBA2 /* ScapeToad.java */ = {isa = PBXFileReference; fileEncoding = 5; lastKnownFileType = sourcecode.java; path = ScapeToad.java; sourceTree = "<group>"; };
		E73DE36D0CFC5A7700E8DBA2 /* MainMenu.java */ = {isa = PBXFileReference; fileEncoding = 4; lastKnownFileType = sourcecode.java; path = MainMenu.java; sourceTree = "<group>"; };
		E762F6E20D7C52AB007DC193 /* ActionExportAsSvg.java */ = {isa = PBXFileReference; fileEncoding = 5; lastKnownFileType = sourcecode.java; path = ActionExportAsSvg.java; sourceTree = "<group>"; };
		E7D2F2350D47964B00548F96 /* ActionLayerSave.java */ = {isa = PBXFileReference; fileEncoding = 5; lastKnownFileType = sourcecode.java; path = ActionLayerSave.java; sourceTree = "<group>"; };
		E7DA661C0FC5B0D400EF8D87 /* AboutBox.java */ = {isa = PBXFileReference; fileEncoding = 4; lastKnownFileType = sourcecode.java; path = AboutBox.java; sourceTree = "<group>"; };
		E7DA66210FC5B68200EF8D87 /* ActionShowAbout.java */ = {isa = PBXFileReference; fileEncoding = 4; lastKnownFileType = sourcecode.java; path = ActionShowAbout.java; sourceTree = "<group>"; };
		E7E315000DB3A1DF0088EEB4 /* ActionQuit.java */ = {isa = PBXFileReference; fileEncoding = 5; lastKnownFileType = sourcecode.java; path = ActionQuit.java; sourceTree = "<group>"; };
		E7E4DF280CFC1B27004CD6FF /* AppContext.java */ = {isa = PBXFileReference; fileEncoding = 4; lastKnownFileType = sourcecode.java; path = AppContext.java; sourceTree = "<group>"; };
		E7E4DF2A0CFC23E1004CD6FF /* MainWindow.java */ = {isa = PBXFileReference; fileEncoding = 4; lastKnownFileType = sourcecode.java; path = MainWindow.java; sourceTree = "<group>"; };
		E7F295810D03F561003E1424 /* Cartogram.java */ = {isa = PBXFileReference; fileEncoding = 4; lastKnownFileType = sourcecode.java; path = Cartogram.java; sourceTree = "<group>"; };
		E7F295850D03F774003E1424 /* SwingWorker.java */ = {isa = PBXFileReference; fileEncoding = 5; lastKnownFileType = sourcecode.java; path = SwingWorker.java; sourceTree = "<group>"; };
/* End PBXFileReference section */

/* Begin PBXGroup section */
		00E6828FFEC88D1A11DB9C8B = {
			isa = PBXGroup;
			children = (
				0A8B99B20B8F56A4003CD01B /* build.xml */,
				E7E4DF1B0CFC1AB5004CD6FF /* src */,
				0A8B99880B8F55EC003CD01B /* resources */,
				0A8B99810B8F55E2003CD01B /* lib */,
				0A8B997E0B8F55D6003CD01B /* bin */,
				0A8B99E90B8F5855003CD01B /* jars */,
				0A8B99EC0B8F585C003CD01B /* dist */,
			);
			sourceTree = "<group>";
		};
		E7E4DF1B0CFC1AB5004CD6FF /* src */ = {
			isa = PBXGroup;
			children = (
				E73DE29B0CFC308700E8DBA2 /* ScapeToad.java */,
				E7E4DF1C0CFC1AB5004CD6FF /* ch */,
				E7F295820D03F774003E1424 /* com */,
			);
			path = src;
			sourceTree = "<group>";
		};
		E7E4DF1C0CFC1AB5004CD6FF /* ch */ = {
			isa = PBXGroup;
			children = (
				E7E4DF1D0CFC1AB5004CD6FF /* epfl */,
			);
			path = ch;
			sourceTree = "<group>";
		};
		E7E4DF1D0CFC1AB5004CD6FF /* epfl */ = {
			isa = PBXGroup;
			children = (
				E7E4DF1E0CFC1AB5004CD6FF /* scapetoad */,
			);
			path = epfl;
			sourceTree = "<group>";
		};
		E7E4DF1E0CFC1AB5004CD6FF /* scapetoad */ = {
			isa = PBXGroup;
			children = (
				E7DA661C0FC5B0D400EF8D87 /* AboutBox.java */,
				E762F6E20D7C52AB007DC193 /* ActionExportAsSvg.java */,
				8218AC5C0D01306200540727 /* ActionLayerAdd.java */,
				8278FF320D47D13A00346255 /* ActionLayerRemove.java */,
				E7D2F2350D47964B00548F96 /* ActionLayerSave.java */,
				82B9820E0DBA7B8400835292 /* ActionShowHelp.java */,
				E7DA66210FC5B68200EF8D87 /* ActionShowAbout.java */,
				E7E315000DB3A1DF0088EEB4 /* ActionQuit.java */,
				E7E4DF280CFC1B27004CD6FF /* AppContext.java */,
				E7F295810D03F561003E1424 /* Cartogram.java */,
				825187400D380E3E002E58B8 /* CartogramFeature.java */,
				825E69300EB8983000DBD1F3 /* CartogramNewman.java */,
				828151830D240B6800141B9B /* CartogramGrid.java */,
				8251873D0D3806BF002E58B8 /* CartogramLayer.java */,
				82C1A95F0D014484000B2C3E /* CartogramWizard.java */,
				8263F6260D396E5F006D6361 /* Geometry.java */,
				828B49F60CFECADC00E2B19D /* IOManager.java */,
				E73DE36D0CFC5A7700E8DBA2 /* MainMenu.java */,
				E7E4DF2A0CFC23E1004CD6FF /* MainWindow.java */,
				82CFB3FB0DC86EB3006D3885 /* SizeErrorLegend.java */,
				82FDF5F70DAD22D3004377CD /* SizeErrorStyle.java */,
				825E69310EB89F0300DBD1F3 /* Size.java */,
			);
			path = scapetoad;
			sourceTree = "<group>";
		};
		E7F295820D03F774003E1424 /* com */ = {
			isa = PBXGroup;
			children = (
				E7F295830D03F774003E1424 /* sun */,
			);
			path = com;
			sourceTree = "<group>";
		};
		E7F295830D03F774003E1424 /* sun */ = {
			isa = PBXGroup;
			children = (
				E7F295840D03F774003E1424 /* swing */,
			);
			path = sun;
			sourceTree = "<group>";
		};
		E7F295840D03F774003E1424 /* swing */ = {
			isa = PBXGroup;
			children = (
				E7F295850D03F774003E1424 /* SwingWorker.java */,
			);
			path = swing;
			sourceTree = "<group>";
		};
/* End PBXGroup section */

/* Begin PBXLegacyTarget section */
		0A8B99D50B8F57BB003CD01B /* ScapeToad */ = {
			isa = PBXLegacyTarget;
			buildArgumentsString = "-emacs $(ACTION)";
			buildConfigurationList = 0A8B99E60B8F5847003CD01B /* Build configuration list for PBXLegacyTarget "ScapeToad" */;
			buildPhases = (
			);
			buildToolPath = /usr/bin/ant;
			dependencies = (
			);
			name = ScapeToad;
			passBuildSettingsInEnvironment = 1;
			productName = ScapeToad;
		};
/* End PBXLegacyTarget section */

/* Begin PBXProject section */
		00E6828EFEC88D1A11DB9C8B /* Project object */ = {
			isa = PBXProject;
			buildConfigurationList = 0AE31F6908BBAC2E002AF232 /* Build configuration list for PBXProject "ScapeToad" */;
			compatibilityVersion = "Xcode 3.0";
			developmentRegion = English;
			hasScannedForEncodings = 1;
			knownRegions = (
				English,
				Japanese,
				French,
				German,
			);
			mainGroup = 00E6828FFEC88D1A11DB9C8B;
			productRefGroup = 00E6828FFEC88D1A11DB9C8B;
			projectDirPath = "";
			projectRoot = "";
			targets = (
				0A8B99D50B8F57BB003CD01B /* ScapeToad */,
			);
		};
/* End PBXProject section */

/* Begin XCBuildConfiguration section */
		0A8B99E70B8F5847003CD01B /* Debug */ = {
			isa = XCBuildConfiguration;
			buildSettings = {
				COPY_PHASE_STRIP = NO;
				GCC_DYNAMIC_NO_PIC = NO;
				GCC_GENERATE_DEBUGGING_SYMBOLS = YES;
				GCC_OPTIMIZATION_LEVEL = 0;
				PRODUCT_NAME = ScapeToad;
			};
			name = Debug;
		};
		0A8B99E80B8F5847003CD01B /* Release */ = {
			isa = XCBuildConfiguration;
			buildSettings = {
				COPY_PHASE_STRIP = YES;
				PRODUCT_NAME = ScapeToad;
			};
			name = Release;
		};
		0AE31F6A08BBAC2E002AF232 /* Debug */ = {
			isa = XCBuildConfiguration;
			buildSettings = {
			};
			name = Debug;
		};
		0AE31F6B08BBAC2E002AF232 /* Release */ = {
			isa = XCBuildConfiguration;
			buildSettings = {
			};
			name = Release;
		};
/* End XCBuildConfiguration section */

/* Begin XCConfigurationList section */
		0A8B99E60B8F5847003CD01B /* Build configuration list for PBXLegacyTarget "ScapeToad" */ = {
			isa = XCConfigurationList;
			buildConfigurations = (
				0A8B99E70B8F5847003CD01B /* Debug */,
				0A8B99E80B8F5847003CD01B /* Release */,
			);
			defaultConfigurationIsVisible = 0;
			defaultConfigurationName = Release;
		};
		0AE31F6908BBAC2E002AF232 /* Build configuration list for PBXProject "ScapeToad" */ = {
			isa = XCConfigurationList;
			buildConfigurations = (
				0AE31F6A08BBAC2E002AF232 /* Debug */,
				0AE31F6B08BBAC2E002AF232 /* Release */,
			);
			defaultConfigurationIsVisible = 0;
			defaultConfigurationName = Release;
		};
/* End XCConfigurationList section */
	};
	rootObject = 00E6828EFEC88D1A11DB9C8B /* Project object */;
}
